
Microsoft Visual Studio Solution File, Format Version 12.00
# Visual Studio Version 17
VisualStudioVersion = 17.0.32014.148
MinimumVisualStudioVersion = 10.0.40219.1
Project("{9A19103F-16F7-4668-BE54-9A1E7A4F7556}") = "NET6.NewFeatures", "NET6.NewFeatures\NET6.NewFeatures.csproj", "{C316EFA7-1B8B-455A-B0D7-9E0CAD1E2C92}"
EndProject
Project("{FAE04EC0-301F-11D3-BF4B-00C04F79EFBC}") = "NET6.MAUI", "NET6.MAUI\NET6.MAUI.csproj", "{F55A26C5-02A5-4744-9F47-B91326533E86}"
EndProject
Global
	GlobalSection(SolutionConfigurationPlatforms) = preSolution
		Debug|Any CPU = Debug|Any CPU
		Release|Any CPU = Release|Any CPU
	EndGlobalSection
	GlobalSection(ProjectConfigurationPlatforms) = postSolution
		{C316EFA7-1B8B-455A-B0D7-9E0CAD1E2C92}.Debug|Any CPU.ActiveCfg = Debug|Any CPU
		{C316EFA7-1B8B-455A-B0D7-9E0CAD1E2C92}.Debug|Any CPU.Build.0 = Debug|Any CPU
		{C316EFA7-1B8B-455A-B0D7-9E0CAD1E2C92}.Release|Any CPU.ActiveCfg = Release|Any CPU
		{C316EFA7-1B8B-455A-B0D7-9E0CAD1E2C92}.Release|Any CPU.Build.0 = Release|Any CPU
		{F55A26C5-02A5-4744-9F47-B91326533E86}.Debug|Any CPU.ActiveCfg = Debug|Any CPU
		{F55A26C5-02A5-4744-9F47-B91326533E86}.Debug|Any CPU.Build.0 = Debug|Any CPU
		{F55A26C5-02A5-4744-9F47-B91326533E86}.Debug|Any CPU.Deploy.0 = Debug|Any CPU
		{F55A26C5-02A5-4744-9F47-B91326533E86}.Release|Any CPU.ActiveCfg = Release|Any CPU
		{F55A26C5-02A5-4744-9F47-B91326533E86}.Release|Any CPU.Build.0 = Release|Any CPU
		{F55A26C5-02A5-4744-9F47-B91326533E86}.Release|Any CPU.Deploy.0 = Release|Any CPU
	EndGlobalSection
	GlobalSection(SolutionProperties) = preSolution
		HideSolutionNode = FALSE
	EndGlobalSection
	GlobalSection(ExtensibilityGlobals) = postSolution
		SolutionGuid = {95C9A93B-CC92-40FC-A1A2-AAD411B5F34F}
	EndGlobalSection
EndGlobal
